
Microsoft Visual Studio Solution File, Format Version 12.00
# Visual Studio Version 17
VisualStudioVersion = 17.3.32811.315
MinimumVisualStudioVersion = 10.0.40219.1
Project("{9A19103F-16F7-4668-BE54-9A1E7A4F7556}") = "SpellAttributeSwap", "SpellAttributeSwap\SpellAttributeSwap.csproj", "{55167C7C-2B75-4C29-B12F-2D54BAAB2390}"
EndProject
Project("{9A19103F-16F7-4668-BE54-9A1E7A4F7556}") = "DOS2Randomizer", "MainApp\DOS2Randomizer.csproj", "{9DECCC3A-1167-47EE-9252-1B50BB237B36}"
EndProject
Global
	GlobalSection(SolutionConfigurationPlatforms) = preSolution
		Debug|Any CPU = Debug|Any CPU
		Release|Any CPU = Release|Any CPU
	EndGlobalSection
	GlobalSection(ProjectConfigurationPlatforms) = postSolution
		{55167C7C-2B75-4C29-B12F-2D54BAAB2390}.Debug|Any CPU.ActiveCfg = Debug|Any CPU
		{55167C7C-2B75-4C29-B12F-2D54BAAB2390}.Debug|Any CPU.Build.0 = Debug|Any CPU
		{55167C7C-2B75-4C29-B12F-2D54BAAB2390}.Release|Any CPU.ActiveCfg = Release|Any CPU
		{55167C7C-2B75-4C29-B12F-2D54BAAB2390}.Release|Any CPU.Build.0 = Release|Any CPU
		{9DECCC3A-1167-47EE-9252-1B50BB237B36}.Debug|Any CPU.ActiveCfg = Debug|Any CPU
		{9DECCC3A-1167-47EE-9252-1B50BB237B36}.Debug|Any CPU.Build.0 = Debug|Any CPU
		{9DECCC3A-1167-47EE-9252-1B50BB237B36}.Release|Any CPU.ActiveCfg = Release|Any CPU
		{9DECCC3A-1167-47EE-9252-1B50BB237B36}.Release|Any CPU.Build.0 = Release|Any CPU
	EndGlobalSection
	GlobalSection(SolutionProperties) = preSolution
		HideSolutionNode = FALSE
	EndGlobalSection
	GlobalSection(ExtensibilityGlobals) = postSolution
		SolutionGuid = {7523EC44-A30C-47DF-A5A0-13F7726ABFE7}
	EndGlobalSection
EndGlobal
